
Microsoft Visual Studio Solution File, Format Version 12.00
# Visual Studio Version 16
VisualStudioVersion = 16.0.30320.27
MinimumVisualStudioVersion = 10.0.40219.1
Project("{FAE04EC0-301F-11D3-BF4B-00C04F79EFBC}") = "LifeScheduler", "LifeScheduler.csproj", "{D99F5842-DE55-436E-A7A2-A0CCB0A00F02}"
EndProject
Global
	GlobalSection(SolutionConfigurationPlatforms) = preSolution
		Debug|Any CPU = Debug|Any CPU
		Release|Any CPU = Release|Any CPU
	EndGlobalSection
	GlobalSection(ProjectConfigurationPlatforms) = postSolution
		{D99F5842-DE55-436E-A7A2-A0CCB0A00F02}.Debug|Any CPU.ActiveCfg = Debug|Any CPU
		{D99F5842-DE55-436E-A7A2-A0CCB0A00F02}.Debug|Any CPU.Build.0 = Debug|Any CPU
		{D99F5842-DE55-436E-A7A2-A0CCB0A00F02}.Release|Any CPU.ActiveCfg = Release|Any CPU
		{D99F5842-DE55-436E-A7A2-A0CCB0A00F02}.Release|Any CPU.Build.0 = Release|Any CPU
	EndGlobalSection
	GlobalSection(SolutionProperties) = preSolution
		HideSolutionNode = FALSE
	EndGlobalSection
	GlobalSection(ExtensibilityGlobals) = postSolution
		SolutionGuid = {FBF1400F-C696-4337-A25D-EE8E5CA15D74}
	EndGlobalSection
EndGlobal
